// !$*UTF8*$!
{
	archiveVersion = 1;
	classes = {
	};
	objectVersion = 77;
	objects = {

/* Begin PBXBuildFile section */
		1619EF89A894311430FB95E6 /* Pods_NeonVPN.framework in Frameworks */ = {isa = PBXBuildFile; fileRef = B446555FBD20B7EC4789E2E8 /* Pods_NeonVPN.framework */; };
		FE003E5D2E7D47EB0071416A /* NetworkExtension.framework in Frameworks */ = {isa = PBXBuildFile; fileRef = FE003E5C2E7D47EB0071416A /* NetworkExtension.framework */; };
		FE003E652E7D47EB0071416A /* cocopacket.appex in Embed Foundation Extensions */ = {isa = PBXBuildFile; fileRef = FE003E5B2E7D47EB0071416A /* cocopacket.appex */; settings = {ATTRIBUTES = (RemoveHeadersOnCopy, ); }; };
		FE9B5C2A2ED047A400252E28 /* AppTrackingTransparency.framework in Frameworks */ = {isa = PBXBuildFile; fileRef = FE9B5C292ED047A400252E28 /* AppTrackingTransparency.framework */; };
		FE9B5C2C2ED047AE00252E28 /* AdSupport.framework in Frameworks */ = {isa = PBXBuildFile; fileRef = FE9B5C2B2ED047AE00252E28 /* AdSupport.framework */; };
		FE9B5C2E2ED047D400252E28 /* SystemConfiguration.framework in Frameworks */ = {isa = PBXBuildFile; fileRef = FE9B5C2D2ED047D400252E28 /* SystemConfiguration.framework */; };
		FE9B5C302ED047DE00252E28 /* libsqlite3.tbd in Frameworks */ = {isa = PBXBuildFile; fileRef = FE9B5C2F2ED047DE00252E28 /* libsqlite3.tbd */; };
		FE9B5C322ED047E600252E28 /* libz.tbd in Frameworks */ = {isa = PBXBuildFile; fileRef = FE9B5C312ED047E600252E28 /* libz.tbd */; };
		FE9B5C342ED0485500252E28 /* GameAnalytics.xcframework in Frameworks */ = {isa = PBXBuildFile; fileRef = FE9B5C332ED0485500252E28 /* GameAnalytics.xcframework */; };
/* End PBXBuildFile section */

/* Begin PBXContainerItemProxy section */
		FE003E632E7D47EB0071416A /* PBXContainerItemProxy */ = {
			isa = PBXContainerItemProxy;
			containerPortal = FE003E2B2E7D46110071416A /* Project object */;
			proxyType = 1;
			remoteGlobalIDString = FE003E5A2E7D47EB0071416A;
			remoteInfo = cocopacket;
		};
/* End PBXContainerItemProxy section */

/* Begin PBXCopyFilesBuildPhase section */
		FE003E6A2E7D47EB0071416A /* Embed Foundation Extensions */ = {
			isa = PBXCopyFilesBuildPhase;
			buildActionMask = 2147483647;
			dstPath = "";
			dstSubfolderSpec = 13;
			files = (
				FE003E652E7D47EB0071416A /* cocopacket.appex in Embed Foundation Extensions */,
			);
			name = "Embed Foundation Extensions";
			runOnlyForDeploymentPostprocessing = 0;
		};
/* End PBXCopyFilesBuildPhase section */

/* Begin PBXFileReference section */
		38550FF39600451DFE392AE0 /* Pods-NeonVPN.release.xcconfig */ = {isa = PBXFileReference; includeInIndex = 1; lastKnownFileType = text.xcconfig; name = "Pods-NeonVPN.release.xcconfig"; path = "Target Support Files/Pods-NeonVPN/Pods-NeonVPN.release.xcconfig"; sourceTree = "<group>"; };
		763CB924486EF783044D50B5 /* Pods-NeonVPN.debug.xcconfig */ = {isa = PBXFileReference; includeInIndex = 1; lastKnownFileType = text.xcconfig; name = "Pods-NeonVPN.debug.xcconfig"; path = "Target Support Files/Pods-NeonVPN/Pods-NeonVPN.debug.xcconfig"; sourceTree = "<group>"; };
		B446555FBD20B7EC4789E2E8 /* Pods_NeonVPN.framework */ = {isa = PBXFileReference; explicitFileType = wrapper.framework; includeInIndex = 0; path = Pods_NeonVPN.framework; sourceTree = BUILT_PRODUCTS_DIR; };
		FE003E332E7D46110071416A /* NeonVPN.app */ = {isa = PBXFileReference; explicitFileType = wrapper.application; includeInIndex = 0; path = NeonVPN.app; sourceTree = BUILT_PRODUCTS_DIR; };
		FE003E5B2E7D47EB0071416A /* cocopacket.appex */ = {isa = PBXFileReference; explicitFileType = "wrapper.app-extension"; includeInIndex = 0; path = cocopacket.appex; sourceTree = BUILT_PRODUCTS_DIR; };
		FE003E5C2E7D47EB0071416A /* NetworkExtension.framework */ = {isa = PBXFileReference; lastKnownFileType = wrapper.framework; name = NetworkExtension.framework; path = System/Library/Frameworks/NetworkExtension.framework; sourceTree = SDKROOT; };
		FE9B5C292ED047A400252E28 /* AppTrackingTransparency.framework */ = {isa = PBXFileReference; lastKnownFileType = wrapper.framework; name = AppTrackingTransparency.framework; path = Platforms/iPhoneOS.platform/Developer/SDKs/iPhoneOS18.5.sdk/System/Library/Frameworks/AppTrackingTransparency.framework; sourceTree = DEVELOPER_DIR; };
		FE9B5C2B2ED047AE00252E28 /* AdSupport.framework */ = {isa = PBXFileReference; lastKnownFileType = wrapper.framework; name = AdSupport.framework; path = Platforms/iPhoneOS.platform/Developer/SDKs/iPhoneOS18.5.sdk/System/Library/Frameworks/AdSupport.framework; sourceTree = DEVELOPER_DIR; };
		FE9B5C2D2ED047D400252E28 /* SystemConfiguration.framework */ = {isa = PBXFileReference; lastKnownFileType = wrapper.framework; name = SystemConfiguration.framework; path = Platforms/iPhoneOS.platform/Developer/SDKs/iPhoneOS18.5.sdk/System/Library/Frameworks/SystemConfiguration.framework; sourceTree = DEVELOPER_DIR; };
		FE9B5C2F2ED047DE00252E28 /* libsqlite3.tbd */ = {isa = PBXFileReference; lastKnownFileType = "sourcecode.text-based-dylib-definition"; name = libsqlite3.tbd; path = Platforms/iPhoneOS.platform/Developer/SDKs/iPhoneOS18.5.sdk/usr/lib/libsqlite3.tbd; sourceTree = DEVELOPER_DIR; };
		FE9B5C312ED047E600252E28 /* libz.tbd */ = {isa = PBXFileReference; lastKnownFileType = "sourcecode.text-based-dylib-definition"; name = libz.tbd; path = Platforms/iPhoneOS.platform/Developer/SDKs/iPhoneOS18.5.sdk/usr/lib/libz.tbd; sourceTree = DEVELOPER_DIR; };
		FE9B5C332ED0485500252E28 /* GameAnalytics.xcframework */ = {isa = PBXFileReference; lastKnownFileType = wrapper.xcframework; name = GameAnalytics.xcframework; path = "Pods/GA-SDK-IOS/GameAnalytics.xcframework"; sourceTree = "<group>"; };
/* End PBXFileReference section */

/* Begin PBXFileSystemSynchronizedBuildFileExceptionSet section */
		FE003E662E7D47EB0071416A /* Exceptions for "cocopacket" folder in "cocopacket" target */ = {
			isa = PBXFileSystemSynchronizedBuildFileExceptionSet;
			membershipExceptions = (
				Info.plist,
			);
			target = FE003E5A2E7D47EB0071416A /* cocopacket */;
		};
		FE9B593A2ECC521200252E28 /* Exceptions for "NeonVPN" folder in "cocopacket" target */ = {
			isa = PBXFileSystemSynchronizedBuildFileExceptionSet;
			membershipExceptions = (
				vp/RouterConf.swift,
			);
			target = FE003E5A2E7D47EB0071416A /* cocopacket */;
		};
		FE9B5B0E2ECDA69300252E28 /* Exceptions for "NeonVPN" folder in "NeonVPN" target */ = {
			isa = PBXFileSystemSynchronizedBuildFileExceptionSet;
			membershipExceptions = (
				Info.plist,
			);
			target = FE003E322E7D46110071416A /* NeonVPN */;
		};
/* End PBXFileSystemSynchronizedBuildFileExceptionSet section */

/* Begin PBXFileSystemSynchronizedRootGroup section */
		FE003E352E7D46110071416A /* NeonVPN */ = {
			isa = PBXFileSystemSynchronizedRootGroup;
			exceptions = (
				FE9B5B0E2ECDA69300252E28 /* Exceptions for "NeonVPN" folder in "NeonVPN" target */,
				FE9B593A2ECC521200252E28 /* Exceptions for "NeonVPN" folder in "cocopacket" target */,
			);
			path = NeonVPN;
			sourceTree = "<group>";
		};
		FE003E5E2E7D47EB0071416A /* cocopacket */ = {
			isa = PBXFileSystemSynchronizedRootGroup;
			exceptions = (
				FE003E662E7D47EB0071416A /* Exceptions for "cocopacket" folder in "cocopacket" target */,
			);
			path = cocopacket;
			sourceTree = "<group>";
		};
/* End PBXFileSystemSynchronizedRootGroup section */

/* Begin PBXFrameworksBuildPhase section */
		FE003E302E7D46110071416A /* Frameworks */ = {
			isa = PBXFrameworksBuildPhase;
			buildActionMask = 2147483647;
			files = (
				FE9B5C342ED0485500252E28 /* GameAnalytics.xcframework in Frameworks */,
				FE9B5C322ED047E600252E28 /* libz.tbd in Frameworks */,
				FE9B5C302ED047DE00252E28 /* libsqlite3.tbd in Frameworks */,
				FE9B5C2E2ED047D400252E28 /* SystemConfiguration.framework in Frameworks */,
				FE9B5C2C2ED047AE00252E28 /* AdSupport.framework in Frameworks */,
				FE9B5C2A2ED047A400252E28 /* AppTrackingTransparency.framework in Frameworks */,
				1619EF89A894311430FB95E6 /* Pods_NeonVPN.framework in Frameworks */,
			);
			runOnlyForDeploymentPostprocessing = 0;
		};
		FE003E582E7D47EB0071416A /* Frameworks */ = {
			isa = PBXFrameworksBuildPhase;
			buildActionMask = 2147483647;
			files = (
				FE003E5D2E7D47EB0071416A /* NetworkExtension.framework in Frameworks */,
			);
			runOnlyForDeploymentPostprocessing = 0;
		};
/* End PBXFrameworksBuildPhase section */

/* Begin PBXGroup section */
		3E7B480231F25AC5AF8E841B /* Pods */ = {
			isa = PBXGroup;
			children = (
				763CB924486EF783044D50B5 /* Pods-NeonVPN.debug.xcconfig */,
				38550FF39600451DFE392AE0 /* Pods-NeonVPN.release.xcconfig */,
			);
			path = Pods;
			sourceTree = "<group>";
		};
		5E09182D2F93BED86B6AE79F /* Frameworks */ = {
			isa = PBXGroup;
			children = (
				FE9B5C332ED0485500252E28 /* GameAnalytics.xcframework */,
				FE9B5C312ED047E600252E28 /* libz.tbd */,
				FE9B5C2F2ED047DE00252E28 /* libsqlite3.tbd */,
				FE9B5C2D2ED047D400252E28 /* SystemConfiguration.framework */,
				FE9B5C2B2ED047AE00252E28 /* AdSupport.framework */,
				FE9B5C292ED047A400252E28 /* AppTrackingTransparency.framework */,
				B446555FBD20B7EC4789E2E8 /* Pods_NeonVPN.framework */,
				FE003E5C2E7D47EB0071416A /* NetworkExtension.framework */,
			);
			name = Frameworks;
			sourceTree = "<group>";
		};
		FE003E2A2E7D46110071416A = {
			isa = PBXGroup;
			children = (
				FE003E352E7D46110071416A /* NeonVPN */,
				FE003E5E2E7D47EB0071416A /* cocopacket */,
				FE003E342E7D46110071416A /* Products */,
				3E7B480231F25AC5AF8E841B /* Pods */,
				5E09182D2F93BED86B6AE79F /* Frameworks */,
			);
			sourceTree = "<group>";
		};
		FE003E342E7D46110071416A /* Products */ = {
			isa = PBXGroup;
			children = (
				FE003E332E7D46110071416A /* NeonVPN.app */,
				FE003E5B2E7D47EB0071416A /* cocopacket.appex */,
			);
			name = Products;
			sourceTree = "<group>";
		};
/* End PBXGroup section */

/* Begin PBXNativeTarget section */
		FE003E322E7D46110071416A /* NeonVPN */ = {
			isa = PBXNativeTarget;
			buildConfigurationList = FE003E3F2E7D46120071416A /* Build configuration list for PBXNativeTarget "NeonVPN" */;
			buildPhases = (
				AE8799F74CB11EF826FD7CF4 /* [CP] Check Pods Manifest.lock */,
				FE003E2F2E7D46110071416A /* Sources */,
				FE003E302E7D46110071416A /* Frameworks */,
				FE003E312E7D46110071416A /* Resources */,
				58D25072387232CA91831FE8 /* [CP] Embed Pods Frameworks */,
				FE003E6A2E7D47EB0071416A /* Embed Foundation Extensions */,
				1819D41D30EF2B1BD9BEA0DC /* [CP] Copy Pods Resources */,
			);
			buildRules = (
			);
			dependencies = (
				FE003E642E7D47EB0071416A /* PBXTargetDependency */,
			);
			fileSystemSynchronizedGroups = (
				FE003E352E7D46110071416A /* NeonVPN */,
			);
			name = NeonVPN;
			productName = NeonVPN;
			productReference = FE003E332E7D46110071416A /* NeonVPN.app */;
			productType = "com.apple.product-type.application";
		};
		FE003E5A2E7D47EB0071416A /* cocopacket */ = {
			isa = PBXNativeTarget;
			buildConfigurationList = FE003E672E7D47EB0071416A /* Build configuration list for PBXNativeTarget "cocopacket" */;
			buildPhases = (
				FE003E572E7D47EB0071416A /* Sources */,
				FE003E582E7D47EB0071416A /* Frameworks */,
				FE003E592E7D47EB0071416A /* Resources */,
			);
			buildRules = (
			);
			dependencies = (
			);
			fileSystemSynchronizedGroups = (
				FE003E5E2E7D47EB0071416A /* cocopacket */,
			);
			name = cocopacket;
			productName = cocopacket;
			productReference = FE003E5B2E7D47EB0071416A /* cocopacket.appex */;
			productType = "com.apple.product-type.app-extension";
		};
/* End PBXNativeTarget section */

/* Begin PBXProject section */
		FE003E2B2E7D46110071416A /* Project object */ = {
			isa = PBXProject;
			attributes = {
				BuildIndependentTargetsInParallel = 1;
				LastSwiftUpdateCheck = 1640;
				LastUpgradeCheck = 1640;
				TargetAttributes = {
					FE003E322E7D46110071416A = {
						CreatedOnToolsVersion = 16.4;
					};
					FE003E5A2E7D47EB0071416A = {
						CreatedOnToolsVersion = 16.4;
					};
				};
			};
			buildConfigurationList = FE003E2E2E7D46110071416A /* Build configuration list for PBXProject "NeonVPN" */;
			developmentRegion = en;
			hasScannedForEncodings = 0;
			knownRegions = (
				en,
				Base,
				ru,
				de,
				es,
				fr,
				ja,
				ko,
				pt,
			);
			mainGroup = FE003E2A2E7D46110071416A;
			minimizedProjectReferenceProxies = 1;
			preferredProjectObjectVersion = 77;
			productRefGroup = FE003E342E7D46110071416A /* Products */;
			projectDirPath = "";
			projectRoot = "";
			targets = (
				FE003E322E7D46110071416A /* NeonVPN */,
				FE003E5A2E7D47EB0071416A /* cocopacket */,
			);
		};
/* End PBXProject section */

/* Begin PBXResourcesBuildPhase section */
		FE003E312E7D46110071416A /* Resources */ = {
			isa = PBXResourcesBuildPhase;
			buildActionMask = 2147483647;
			files = (
			);
			runOnlyForDeploymentPostprocessing = 0;
		};
		FE003E592E7D47EB0071416A /* Resources */ = {
			isa = PBXResourcesBuildPhase;
			buildActionMask = 2147483647;
			files = (
			);
			runOnlyForDeploymentPostprocessing = 0;
		};
/* End PBXResourcesBuildPhase section */

/* Begin PBXShellScriptBuildPhase section */
		1819D41D30EF2B1BD9BEA0DC /* [CP] Copy Pods Resources */ = {
			isa = PBXShellScriptBuildPhase;
			buildActionMask = 2147483647;
			files = (
			);
			inputFileListPaths = (
				"${PODS_ROOT}/Target Support Files/Pods-NeonVPN/Pods-NeonVPN-resources-${CONFIGURATION}-input-files.xcfilelist",
			);
			inputPaths = (
			);
			name = "[CP] Copy Pods Resources";
			outputFileListPaths = (
				"${PODS_ROOT}/Target Support Files/Pods-NeonVPN/Pods-NeonVPN-resources-${CONFIGURATION}-output-files.xcfilelist",
			);
			outputPaths = (
			);
			runOnlyForDeploymentPostprocessing = 0;
			shellPath = /bin/sh;
			shellScript = "\"${PODS_ROOT}/Target Support Files/Pods-NeonVPN/Pods-NeonVPN-resources.sh\"\n";
			showEnvVarsInLog = 0;
		};
		58D25072387232CA91831FE8 /* [CP] Embed Pods Frameworks */ = {
			isa = PBXShellScriptBuildPhase;
			buildActionMask = 2147483647;
			files = (
			);
			inputFileListPaths = (
				"${PODS_ROOT}/Target Support Files/Pods-NeonVPN/Pods-NeonVPN-frameworks-${CONFIGURATION}-input-files.xcfilelist",
			);
			inputPaths = (
			);
			name = "[CP] Embed Pods Frameworks";
			outputFileListPaths = (
				"${PODS_ROOT}/Target Support Files/Pods-NeonVPN/Pods-NeonVPN-frameworks-${CONFIGURATION}-output-files.xcfilelist",
			);
			outputPaths = (
			);
			runOnlyForDeploymentPostprocessing = 0;
			shellPath = /bin/sh;
			shellScript = "\"${PODS_ROOT}/Target Support Files/Pods-NeonVPN/Pods-NeonVPN-frameworks.sh\"\n";
			showEnvVarsInLog = 0;
		};
		AE8799F74CB11EF826FD7CF4 /* [CP] Check Pods Manifest.lock */ = {
			isa = PBXShellScriptBuildPhase;
			buildActionMask = 2147483647;
			files = (
			);
			inputFileListPaths = (
			);
			inputPaths = (
				"${PODS_PODFILE_DIR_PATH}/Podfile.lock",
				"${PODS_ROOT}/Manifest.lock",
			);
			name = "[CP] Check Pods Manifest.lock";
			outputFileListPaths = (
			);
			outputPaths = (
				"$(DERIVED_FILE_DIR)/Pods-NeonVPN-checkManifestLockResult.txt",
			);
			runOnlyForDeploymentPostprocessing = 0;
			shellPath = /bin/sh;
			shellScript = "diff \"${PODS_PODFILE_DIR_PATH}/Podfile.lock\" \"${PODS_ROOT}/Manifest.lock\" > /dev/null\nif [ $? != 0 ] ; then\n    # print error to STDERR\n    echo \"error: The sandbox is not in sync with the Podfile.lock. Run 'pod install' or update your CocoaPods installation.\" >&2\n    exit 1\nfi\n# This output is used by Xcode 'outputs' to avoid re-running this script phase.\necho \"SUCCESS\" > \"${SCRIPT_OUTPUT_FILE_0}\"\n";
			showEnvVarsInLog = 0;
		};
/* End PBXShellScriptBuildPhase section */

/* Begin PBXSourcesBuildPhase section */
		FE003E2F2E7D46110071416A /* Sources */ = {
			isa = PBXSourcesBuildPhase;
			buildActionMask = 2147483647;
			files = (
			);
			runOnlyForDeploymentPostprocessing = 0;
		};
		FE003E572E7D47EB0071416A /* Sources */ = {
			isa = PBXSourcesBuildPhase;
			buildActionMask = 2147483647;
			files = (
			);
			runOnlyForDeploymentPostprocessing = 0;
		};
/* End PBXSourcesBuildPhase section */

/* Begin PBXTargetDependency section */
		FE003E642E7D47EB0071416A /* PBXTargetDependency */ = {
			isa = PBXTargetDependency;
			target = FE003E5A2E7D47EB0071416A /* cocopacket */;
			targetProxy = FE003E632E7D47EB0071416A /* PBXContainerItemProxy */;
		};
/* End PBXTargetDependency section */

/* Begin XCBuildConfiguration section */
		FE003E3D2E7D46120071416A /* Debug */ = {
			isa = XCBuildConfiguration;
			buildSettings = {
				ALWAYS_SEARCH_USER_PATHS = NO;
				ASSETCATALOG_COMPILER_GENERATE_SWIFT_ASSET_SYMBOL_EXTENSIONS = YES;
				CLANG_ANALYZER_NONNULL = YES;
				CLANG_ANALYZER_NUMBER_OBJECT_CONVERSION = YES_AGGRESSIVE;
				CLANG_CXX_LANGUAGE_STANDARD = "gnu++20";
				CLANG_ENABLE_MODULES = YES;
				CLANG_ENABLE_OBJC_ARC = YES;
				CLANG_ENABLE_OBJC_WEAK = YES;
				CLANG_WARN_BLOCK_CAPTURE_AUTORELEASING = YES;
				CLANG_WARN_BOOL_CONVERSION = YES;
				CLANG_WARN_COMMA = YES;
				CLANG_WARN_CONSTANT_CONVERSION = YES;
				CLANG_WARN_DEPRECATED_OBJC_IMPLEMENTATIONS = YES;
				CLANG_WARN_DIRECT_OBJC_ISA_USAGE = YES_ERROR;
				CLANG_WARN_DOCUMENTATION_COMMENTS = YES;
				CLANG_WARN_EMPTY_BODY = YES;
				CLANG_WARN_ENUM_CONVERSION = YES;
				CLANG_WARN_INFINITE_RECURSION = YES;
				CLANG_WARN_INT_CONVERSION = YES;
				CLANG_WARN_NON_LITERAL_NULL_CONVERSION = YES;
				CLANG_WARN_OBJC_IMPLICIT_RETAIN_SELF = YES;
				CLANG_WARN_OBJC_LITERAL_CONVERSION = YES;
				CLANG_WARN_OBJC_ROOT_CLASS = YES_ERROR;
				CLANG_WARN_QUOTED_INCLUDE_IN_FRAMEWORK_HEADER = YES;
				CLANG_WARN_RANGE_LOOP_ANALYSIS = YES;
				CLANG_WARN_STRICT_PROTOTYPES = YES;
				CLANG_WARN_SUSPICIOUS_MOVE = YES;
				CLANG_WARN_UNGUARDED_AVAILABILITY = YES_AGGRESSIVE;
				CLANG_WARN_UNREACHABLE_CODE = YES;
				CLANG_WARN__DUPLICATE_METHOD_MATCH = YES;
				COPY_PHASE_STRIP = NO;
				DEAD_CODE_STRIPPING = YES;
				DEBUG_INFORMATION_FORMAT = dwarf;
				DEVELOPMENT_TEAM = 65F9DSLLJ5;
				ENABLE_STRICT_OBJC_MSGSEND = YES;
				ENABLE_TESTABILITY = YES;
				ENABLE_USER_SCRIPT_SANDBOXING = NO;
				GCC_C_LANGUAGE_STANDARD = gnu17;
				GCC_DYNAMIC_NO_PIC = NO;
				GCC_NO_COMMON_BLOCKS = YES;
				GCC_OPTIMIZATION_LEVEL = 0;
				GCC_PREPROCESSOR_DEFINITIONS = (
					"DEBUG=1",
					"$(inherited)",
				);
				GCC_WARN_64_TO_32_BIT_CONVERSION = YES;
				GCC_WARN_ABOUT_RETURN_TYPE = YES_ERROR;
				GCC_WARN_UNDECLARED_SELECTOR = YES;
				GCC_WARN_UNINITIALIZED_AUTOS = YES_AGGRESSIVE;
				GCC_WARN_UNUSED_FUNCTION = YES;
				GCC_WARN_UNUSED_VARIABLE = YES;
				LOCALIZATION_PREFERS_STRING_CATALOGS = YES;
				MTL_ENABLE_DEBUG_INFO = INCLUDE_SOURCE;
				MTL_FAST_MATH = YES;
				ONLY_ACTIVE_ARCH = YES;
				SWIFT_ACTIVE_COMPILATION_CONDITIONS = "DEBUG $(inherited)";
				SWIFT_OPTIMIZATION_LEVEL = "-Onone";
			};
			name = Debug;
		};
		FE003E3E2E7D46120071416A /* Release */ = {
			isa = XCBuildConfiguration;
			buildSettings = {
				ALWAYS_SEARCH_USER_PATHS = NO;
				ASSETCATALOG_COMPILER_GENERATE_SWIFT_ASSET_SYMBOL_EXTENSIONS = YES;
				CLANG_ANALYZER_NONNULL = YES;
				CLANG_ANALYZER_NUMBER_OBJECT_CONVERSION = YES_AGGRESSIVE;
				CLANG_CXX_LANGUAGE_STANDARD = "gnu++20";
				CLANG_ENABLE_MODULES = YES;
				CLANG_ENABLE_OBJC_ARC = YES;
				CLANG_ENABLE_OBJC_WEAK = YES;
				CLANG_WARN_BLOCK_CAPTURE_AUTORELEASING = YES;
				CLANG_WARN_BOOL_CONVERSION = YES;
				CLANG_WARN_COMMA = YES;
				CLANG_WARN_CONSTANT_CONVERSION = YES;
				CLANG_WARN_DEPRECATED_OBJC_IMPLEMENTATIONS = YES;
				CLANG_WARN_DIRECT_OBJC_ISA_USAGE = YES_ERROR;
				CLANG_WARN_DOCUMENTATION_COMMENTS = YES;
				CLANG_WARN_EMPTY_BODY = YES;
				CLANG_WARN_ENUM_CONVERSION = YES;
				CLANG_WARN_INFINITE_RECURSION = YES;
				CLANG_WARN_INT_CONVERSION = YES;
				CLANG_WARN_NON_LITERAL_NULL_CONVERSION = YES;
				CLANG_WARN_OBJC_IMPLICIT_RETAIN_SELF = YES;
				CLANG_WARN_OBJC_LITERAL_CONVERSION = YES;
				CLANG_WARN_OBJC_ROOT_CLASS = YES_ERROR;
				CLANG_WARN_QUOTED_INCLUDE_IN_FRAMEWORK_HEADER = YES;
				CLANG_WARN_RANGE_LOOP_ANALYSIS = YES;
				CLANG_WARN_STRICT_PROTOTYPES = YES;
				CLANG_WARN_SUSPICIOUS_MOVE = YES;
				CLANG_WARN_UNGUARDED_AVAILABILITY = YES_AGGRESSIVE;
				CLANG_WARN_UNREACHABLE_CODE = YES;
				CLANG_WARN__DUPLICATE_METHOD_MATCH = YES;
				COPY_PHASE_STRIP = NO;
				DEAD_CODE_STRIPPING = YES;
				DEBUG_INFORMATION_FORMAT = "dwarf-with-dsym";
				DEVELOPMENT_TEAM = 65F9DSLLJ5;
				ENABLE_NS_ASSERTIONS = NO;
				ENABLE_STRICT_OBJC_MSGSEND = YES;
				ENABLE_USER_SCRIPT_SANDBOXING = NO;
				GCC_C_LANGUAGE_STANDARD = gnu17;
				GCC_NO_COMMON_BLOCKS = YES;
				GCC_WARN_64_TO_32_BIT_CONVERSION = YES;
				GCC_WARN_ABOUT_RETURN_TYPE = YES_ERROR;
				GCC_WARN_UNDECLARED_SELECTOR = YES;
				GCC_WARN_UNINITIALIZED_AUTOS = YES_AGGRESSIVE;
				GCC_WARN_UNUSED_FUNCTION = YES;
				GCC_WARN_UNUSED_VARIABLE = YES;
				LOCALIZATION_PREFERS_STRING_CATALOGS = YES;
				MTL_ENABLE_DEBUG_INFO = NO;
				MTL_FAST_MATH = YES;
				SWIFT_COMPILATION_MODE = wholemodule;
			};
			name = Release;
		};
		FE003E402E7D46120071416A /* Debug */ = {
			isa = XCBuildConfiguration;
			baseConfigurationReference = 763CB924486EF783044D50B5 /* Pods-NeonVPN.debug.xcconfig */;
			buildSettings = {
				ASSETCATALOG_COMPILER_APPICON_NAME = AppIcon;
				ASSETCATALOG_COMPILER_GLOBAL_ACCENT_COLOR_NAME = AccentColor;
				CODE_SIGN_ENTITLEMENTS = NeonVPN/NeonVPN.entitlements;
				CODE_SIGN_STYLE = Automatic;
				CURRENT_PROJECT_VERSION = 1;
				DEAD_CODE_STRIPPING = YES;
				DEVELOPMENT_TEAM = 65F9DSLLJ5;
				ENABLE_HARDENED_RUNTIME = YES;
				ENABLE_PREVIEWS = YES;
				ENABLE_USER_SCRIPT_SANDBOXING = NO;
				GENERATE_INFOPLIST_FILE = YES;
				INFOPLIST_FILE = NeonVPN/Info.plist;
				INFOPLIST_KEY_CFBundleDisplayName = "VPN Fly";
				INFOPLIST_KEY_NSUserTrackingUsageDescription = "We utilize analytics to gain insights into how our application is used and to improve our offerings, allowing us to provide tailored experiences for our users.";
				"INFOPLIST_KEY_UIApplicationSceneManifest_Generation[sdk=iphoneos*]" = YES;
				"INFOPLIST_KEY_UIApplicationSceneManifest_Generation[sdk=iphonesimulator*]" = YES;
				"INFOPLIST_KEY_UIApplicationSupportsIndirectInputEvents[sdk=iphoneos*]" = YES;
				"INFOPLIST_KEY_UIApplicationSupportsIndirectInputEvents[sdk=iphonesimulator*]" = YES;
				"INFOPLIST_KEY_UILaunchScreen_Generation[sdk=iphoneos*]" = YES;
				"INFOPLIST_KEY_UILaunchScreen_Generation[sdk=iphonesimulator*]" = YES;
				"INFOPLIST_KEY_UIStatusBarStyle[sdk=iphoneos*]" = UIStatusBarStyleDefault;
				"INFOPLIST_KEY_UIStatusBarStyle[sdk=iphonesimulator*]" = UIStatusBarStyleDefault;
				INFOPLIST_KEY_UISupportedInterfaceOrientations = UIInterfaceOrientationPortrait;
				INFOPLIST_KEY_UISupportedInterfaceOrientations_iPad = "UIInterfaceOrientationLandscapeLeft UIInterfaceOrientationLandscapeRight UIInterfaceOrientationPortrait UIInterfaceOrientationPortraitUpsideDown";
				IPHONEOS_DEPLOYMENT_TARGET = 16.0;
				LD_RUNPATH_SEARCH_PATHS = "@executable_path/Frameworks";
				"LD_RUNPATH_SEARCH_PATHS[sdk=macosx*]" = "@executable_path/../Frameworks";
				MACOSX_DEPLOYMENT_TARGET = 15.5;
				MARKETING_VERSION = 1.0.2;
				PRODUCT_BUNDLE_IDENTIFIER = com.coco.neon.vpn.fly;
				PRODUCT_NAME = "$(TARGET_NAME)";
				REGISTER_APP_GROUPS = YES;
				SDKROOT = auto;
				SUPPORTED_PLATFORMS = "iphoneos iphonesimulator";
				SUPPORTS_MACCATALYST = NO;
				SWIFT_EMIT_LOC_STRINGS = YES;
				SWIFT_OBJC_BRIDGING_HEADER = "/Users/stephenschaaf/Documents/NeonVPN/NeonVPN/GameAnalytics-Bridging-Header.h";
				SWIFT_VERSION = 5.0;
				TARGETED_DEVICE_FAMILY = 1;
				XROS_DEPLOYMENT_TARGET = 2.5;
			};
			name = Debug;
		};
		FE003E412E7D46120071416A /* Release */ = {
			isa = XCBuildConfiguration;
			baseConfigurationReference = 38550FF39600451DFE392AE0 /* Pods-NeonVPN.release.xcconfig */;
			buildSettings = {
				ASSETCATALOG_COMPILER_APPICON_NAME = AppIcon;
				ASSETCATALOG_COMPILER_GLOBAL_ACCENT_COLOR_NAME = AccentColor;
				CODE_SIGN_ENTITLEMENTS = NeonVPN/NeonVPN.entitlements;
				CODE_SIGN_STYLE = Automatic;
				CURRENT_PROJECT_VERSION = 1;
				DEAD_CODE_STRIPPING = YES;
				DEVELOPMENT_TEAM = 65F9DSLLJ5;
				ENABLE_HARDENED_RUNTIME = YES;
				ENABLE_PREVIEWS = YES;
				ENABLE_USER_SCRIPT_SANDBOXING = NO;
				GENERATE_INFOPLIST_FILE = YES;
				INFOPLIST_FILE = NeonVPN/Info.plist;
				INFOPLIST_KEY_CFBundleDisplayName = "VPN Fly";
				INFOPLIST_KEY_NSUserTrackingUsageDescription = "We utilize analytics to gain insights into how our application is used and to improve our offerings, allowing us to provide tailored experiences for our users.";
				"INFOPLIST_KEY_UIApplicationSceneManifest_Generation[sdk=iphoneos*]" = YES;
				"INFOPLIST_KEY_UIApplicationSceneManifest_Generation[sdk=iphonesimulator*]" = YES;
				"INFOPLIST_KEY_UIApplicationSupportsIndirectInputEvents[sdk=iphoneos*]" = YES;
				"INFOPLIST_KEY_UIApplicationSupportsIndirectInputEvents[sdk=iphonesimulator*]" = YES;
				"INFOPLIST_KEY_UILaunchScreen_Generation[sdk=iphoneos*]" = YES;
				"INFOPLIST_KEY_UILaunchScreen_Generation[sdk=iphonesimulator*]" = YES;
				"INFOPLIST_KEY_UIStatusBarStyle[sdk=iphoneos*]" = UIStatusBarStyleDefault;
				"INFOPLIST_KEY_UIStatusBarStyle[sdk=iphonesimulator*]" = UIStatusBarStyleDefault;
				INFOPLIST_KEY_UISupportedInterfaceOrientations = UIInterfaceOrientationPortrait;
				INFOPLIST_KEY_UISupportedInterfaceOrientations_iPad = "UIInterfaceOrientationLandscapeLeft UIInterfaceOrientationLandscapeRight UIInterfaceOrientationPortrait UIInterfaceOrientationPortraitUpsideDown";
				IPHONEOS_DEPLOYMENT_TARGET = 16.0;
				LD_RUNPATH_SEARCH_PATHS = "@executable_path/Frameworks";
				"LD_RUNPATH_SEARCH_PATHS[sdk=macosx*]" = "@executable_path/../Frameworks";
				MACOSX_DEPLOYMENT_TARGET = 15.5;
				MARKETING_VERSION = 1.0.2;
				PRODUCT_BUNDLE_IDENTIFIER = com.coco.neon.vpn.fly;
				PRODUCT_NAME = "$(TARGET_NAME)";
				REGISTER_APP_GROUPS = YES;
				SDKROOT = auto;
				SUPPORTED_PLATFORMS = "iphoneos iphonesimulator";
				SUPPORTS_MACCATALYST = NO;
				SWIFT_EMIT_LOC_STRINGS = YES;
				SWIFT_OBJC_BRIDGING_HEADER = "/Users/stephenschaaf/Documents/NeonVPN/NeonVPN/GameAnalytics-Bridging-Header.h";
				SWIFT_VERSION = 5.0;
				TARGETED_DEVICE_FAMILY = 1;
				XROS_DEPLOYMENT_TARGET = 2.5;
			};
			name = Release;
		};
		FE003E682E7D47EB0071416A /* Debug */ = {
			isa = XCBuildConfiguration;
			buildSettings = {
				CODE_SIGN_ENTITLEMENTS = cocopacket/cocopacket.entitlements;
				CODE_SIGN_STYLE = Automatic;
				CURRENT_PROJECT_VERSION = 1;
				DEVELOPMENT_ASSET_PATHS = "";
				DEVELOPMENT_TEAM = 65F9DSLLJ5;
				ENABLE_USER_SCRIPT_SANDBOXING = NO;
				GENERATE_INFOPLIST_FILE = YES;
				INFOPLIST_FILE = cocopacket/Info.plist;
				INFOPLIST_KEY_CFBundleDisplayName = cocopacket;
				INFOPLIST_KEY_NSHumanReadableCopyright = "";
				IPHONEOS_DEPLOYMENT_TARGET = 16.0;
				LD_RUNPATH_SEARCH_PATHS = (
					"$(inherited)",
					"@executable_path/Frameworks",
					"@executable_path/../../Frameworks",
				);
				LIBRARY_SEARCH_PATHS = (
					"$(inherited)",
					"$(PROJECT_DIR)/cocopacket",
				);
				MARKETING_VERSION = 1.0.1;
				OTHER_LDFLAGS = "-lresolv";
				PRODUCT_BUNDLE_IDENTIFIER = com.coco.neon.vpn.fly.cocopacket;
				PRODUCT_NAME = "$(TARGET_NAME)";
				SDKROOT = iphoneos;
				SKIP_INSTALL = YES;
				SUPPORTED_PLATFORMS = "iphoneos iphonesimulator";
				SUPPORTS_MACCATALYST = NO;
				SUPPORTS_MAC_DESIGNED_FOR_IPHONE_IPAD = NO;
				SUPPORTS_XR_DESIGNED_FOR_IPHONE_IPAD = NO;
				SWIFT_EMIT_LOC_STRINGS = YES;
				SWIFT_OBJC_BRIDGING_HEADER = "/Users/stephenschaaf/Documents/NeonVPN/cocopacket/Coco-Bridging-Header.h";
				SWIFT_VERSION = 5.0;
				TARGETED_DEVICE_FAMILY = 1;
			};
			name = Debug;
		};
		FE003E692E7D47EB0071416A /* Release */ = {
			isa = XCBuildConfiguration;
			buildSettings = {
				CODE_SIGN_ENTITLEMENTS = cocopacket/cocopacket.entitlements;
				CODE_SIGN_STYLE = Automatic;
				CURRENT_PROJECT_VERSION = 1;
				DEVELOPMENT_ASSET_PATHS = "";
				DEVELOPMENT_TEAM = 65F9DSLLJ5;
				ENABLE_USER_SCRIPT_SANDBOXING = NO;
				GENERATE_INFOPLIST_FILE = YES;
				INFOPLIST_FILE = cocopacket/Info.plist;
				INFOPLIST_KEY_CFBundleDisplayName = cocopacket;
				INFOPLIST_KEY_NSHumanReadableCopyright = "";
				IPHONEOS_DEPLOYMENT_TARGET = 16.0;
				LD_RUNPATH_SEARCH_PATHS = (
					"$(inherited)",
					"@executable_path/Frameworks",
					"@executable_path/../../Frameworks",
				);
				LIBRARY_SEARCH_PATHS = (
					"$(inherited)",
					"$(PROJECT_DIR)/cocopacket",
				);
				MARKETING_VERSION = 1.0.1;
				OTHER_LDFLAGS = "-lresolv";
				PRODUCT_BUNDLE_IDENTIFIER = com.coco.neon.vpn.fly.cocopacket;
				PRODUCT_NAME = "$(TARGET_NAME)";
				SDKROOT = iphoneos;
				SKIP_INSTALL = YES;
				SUPPORTED_PLATFORMS = "iphoneos iphonesimulator";
				SUPPORTS_MACCATALYST = NO;
				SUPPORTS_MAC_DESIGNED_FOR_IPHONE_IPAD = NO;
				SUPPORTS_XR_DESIGNED_FOR_IPHONE_IPAD = NO;
				SWIFT_EMIT_LOC_STRINGS = YES;
				SWIFT_OBJC_BRIDGING_HEADER = "/Users/stephenschaaf/Documents/NeonVPN/cocopacket/Coco-Bridging-Header.h";
				SWIFT_VERSION = 5.0;
				TARGETED_DEVICE_FAMILY = 1;
				VALIDATE_PRODUCT = YES;
			};
			name = Release;
		};
/* End XCBuildConfiguration section */

/* Begin XCConfigurationList section */
		FE003E2E2E7D46110071416A /* Build configuration list for PBXProject "NeonVPN" */ = {
			isa = XCConfigurationList;
			buildConfigurations = (
				FE003E3D2E7D46120071416A /* Debug */,
				FE003E3E2E7D46120071416A /* Release */,
			);
			defaultConfigurationIsVisible = 0;
			defaultConfigurationName = Release;
		};
		FE003E3F2E7D46120071416A /* Build configuration list for PBXNativeTarget "NeonVPN" */ = {
			isa = XCConfigurationList;
			buildConfigurations = (
				FE003E402E7D46120071416A /* Debug */,
				FE003E412E7D46120071416A /* Release */,
			);
			defaultConfigurationIsVisible = 0;
			defaultConfigurationName = Release;
		};
		FE003E672E7D47EB0071416A /* Build configuration list for PBXNativeTarget "cocopacket" */ = {
			isa = XCConfigurationList;
			buildConfigurations = (
				FE003E682E7D47EB0071416A /* Debug */,
				FE003E692E7D47EB0071416A /* Release */,
			);
			defaultConfigurationIsVisible = 0;
			defaultConfigurationName = Release;
		};
/* End XCConfigurationList section */
	};
	rootObject = FE003E2B2E7D46110071416A /* Project object */;
}
